
Microsoft Visual Studio Solution File, Format Version 12.00
# Visual Studio 15
VisualStudioVersion = 15.0.27428.2043
MinimumVisualStudioVersion = 10.0.40219.1
Project("{FAE04EC0-301F-11D3-BF4B-00C04F79EFBC}") = "zBot", "zBot\zBot.csproj", "{C4EDAE34-8BA3-4195-A182-6E9D14C8F167}"
EndProject
Global
	GlobalSection(SolutionConfigurationPlatforms) = preSolution
		Debug|Any CPU = Debug|Any CPU
		Release|Any CPU = Release|Any CPU
	EndGlobalSection
	GlobalSection(ProjectConfigurationPlatforms) = postSolution
		{C4EDAE34-8BA3-4195-A182-6E9D14C8F167}.Debug|Any CPU.ActiveCfg = Debug|Any CPU
		{C4EDAE34-8BA3-4195-A182-6E9D14C8F167}.Debug|Any CPU.Build.0 = Debug|Any CPU
		{C4EDAE34-8BA3-4195-A182-6E9D14C8F167}.Release|Any CPU.ActiveCfg = Release|Any CPU
		{C4EDAE34-8BA3-4195-A182-6E9D14C8F167}.Release|Any CPU.Build.0 = Release|Any CPU
	EndGlobalSection
	GlobalSection(SolutionProperties) = preSolution
		HideSolutionNode = FALSE
	EndGlobalSection
	GlobalSection(ExtensibilityGlobals) = postSolution
		SolutionGuid = {DDFF2586-644C-4C38-8DA1-613CC082B06A}
	EndGlobalSection
EndGlobal
